
Microsoft Visual Studio Solution File, Format Version 12.00
# Visual Studio Version 17
VisualStudioVersion = 17.4.33122.133
MinimumVisualStudioVersion = 10.0.40219.1
Project("{9A19103F-16F7-4668-BE54-9A1E7A4F7556}") = "Day1", "Day1\Day1.csproj", "{0E646185-553B-49FB-9B8D-416028B3C9CC}"
EndProject
Project("{9A19103F-16F7-4668-BE54-9A1E7A4F7556}") = "Day2", "Day2\Day2.csproj", "{BAFBD1E9-986B-4A6B-8714-EBB0C27F3109}"
EndProject
Project("{9A19103F-16F7-4668-BE54-9A1E7A4F7556}") = "Day3", "Day3\Day3.csproj", "{ABEC0C48-2CAC-4F04-A3CC-635D3B623E51}"
EndProject
Project("{9A19103F-16F7-4668-BE54-9A1E7A4F7556}") = "Day4", "Day4\Day4.csproj", "{752F1CF6-386C-4F91-A449-6E8D38A9227D}"
EndProject
Project("{FAE04EC0-301F-11D3-BF4B-00C04F79EFBC}") = "FileReader", "FileReader\FileReader.csproj", "{77238DD9-4B9A-49D7-A2B0-DE00B4D0D170}"
EndProject
Global
	GlobalSection(SolutionConfigurationPlatforms) = preSolution
		Debug|Any CPU = Debug|Any CPU
		Release|Any CPU = Release|Any CPU
	EndGlobalSection
	GlobalSection(ProjectConfigurationPlatforms) = postSolution
		{0E646185-553B-49FB-9B8D-416028B3C9CC}.Debug|Any CPU.ActiveCfg = Debug|Any CPU
		{0E646185-553B-49FB-9B8D-416028B3C9CC}.Debug|Any CPU.Build.0 = Debug|Any CPU
		{0E646185-553B-49FB-9B8D-416028B3C9CC}.Release|Any CPU.ActiveCfg = Release|Any CPU
		{0E646185-553B-49FB-9B8D-416028B3C9CC}.Release|Any CPU.Build.0 = Release|Any CPU
		{BAFBD1E9-986B-4A6B-8714-EBB0C27F3109}.Debug|Any CPU.ActiveCfg = Debug|Any CPU
		{BAFBD1E9-986B-4A6B-8714-EBB0C27F3109}.Debug|Any CPU.Build.0 = Debug|Any CPU
		{BAFBD1E9-986B-4A6B-8714-EBB0C27F3109}.Release|Any CPU.ActiveCfg = Release|Any CPU
		{BAFBD1E9-986B-4A6B-8714-EBB0C27F3109}.Release|Any CPU.Build.0 = Release|Any CPU
		{ABEC0C48-2CAC-4F04-A3CC-635D3B623E51}.Debug|Any CPU.ActiveCfg = Debug|Any CPU
		{ABEC0C48-2CAC-4F04-A3CC-635D3B623E51}.Debug|Any CPU.Build.0 = Debug|Any CPU
		{ABEC0C48-2CAC-4F04-A3CC-635D3B623E51}.Release|Any CPU.ActiveCfg = Release|Any CPU
		{ABEC0C48-2CAC-4F04-A3CC-635D3B623E51}.Release|Any CPU.Build.0 = Release|Any CPU
		{752F1CF6-386C-4F91-A449-6E8D38A9227D}.Debug|Any CPU.ActiveCfg = Debug|Any CPU
		{752F1CF6-386C-4F91-A449-6E8D38A9227D}.Debug|Any CPU.Build.0 = Debug|Any CPU
		{752F1CF6-386C-4F91-A449-6E8D38A9227D}.Release|Any CPU.ActiveCfg = Release|Any CPU
		{752F1CF6-386C-4F91-A449-6E8D38A9227D}.Release|Any CPU.Build.0 = Release|Any CPU
		{77238DD9-4B9A-49D7-A2B0-DE00B4D0D170}.Debug|Any CPU.ActiveCfg = Debug|Any CPU
		{77238DD9-4B9A-49D7-A2B0-DE00B4D0D170}.Debug|Any CPU.Build.0 = Debug|Any CPU
		{77238DD9-4B9A-49D7-A2B0-DE00B4D0D170}.Release|Any CPU.ActiveCfg = Release|Any CPU
		{77238DD9-4B9A-49D7-A2B0-DE00B4D0D170}.Release|Any CPU.Build.0 = Release|Any CPU
	EndGlobalSection
	GlobalSection(SolutionProperties) = preSolution
		HideSolutionNode = FALSE
	EndGlobalSection
	GlobalSection(ExtensibilityGlobals) = postSolution
		SolutionGuid = {5F5EB3FB-3149-44B8-800C-6A767ADFAB26}
	EndGlobalSection
EndGlobal
